PODS:
  - IQKeyboardManagerSwift (6.5.9)
  - SwiftLint (0.45.1)

DEPENDENCIES:
  - IQKeyboardManagerSwift
  - SwiftLint

SPEC REPOS:
  trunk:
    - IQKeyboardManagerSwift
    - SwiftLint

SPEC CHECKSUMS:
  IQKeyboardManagerSwift: 6e839c575c4aa1078d58a596e41244e77abe918f
  SwiftLint: 06ac37e4d38c7068e0935bb30cda95f093bec761

PODFILE CHECKSUM: e35cafd54ae8202467d2c06bd4b54d3abc5f3c20

COCOAPODS: 1.11.2
